
Microsoft Visual Studio Solution File, Format Version 12.00
# Visual Studio 15
Project("{FAE04EC0-301F-11D3-BF4B-00C04F79EFBC}") = "Unityfc978593d26984061672.Idle.Tests", "Unityfc978593d26984061672.Idle.Tests.csproj", "{15824074-E9E7-6748-C12C-522838FED044}"
EndProject
Project("{FAE04EC0-301F-11D3-BF4B-00C04F79EFBC}") = "Assembly-CSharp", "Assembly-CSharp.csproj", "{EB50851A-BE24-EF1D-7D6B-0E17305B8C2D}"
EndProject
Project("{FAE04EC0-301F-11D3-BF4B-00C04F79EFBC}") = "Unityfc978593d26984061672.Player", "Unityfc978593d26984061672.Player.csproj", "{837C5288-D036-9803-0427-B3FA426B70F9}"
EndProject
Project("{FAE04EC0-301F-11D3-BF4B-00C04F79EFBC}") = "Unityfc978593d26984061672.Idle.Editor.Tests", "Unityfc978593d26984061672.Idle.Editor.Tests.csproj", "{FB37BC2D-0811-DE9C-1E6B-9D39162CB8E9}"
EndProject
Project("{FAE04EC0-301F-11D3-BF4B-00C04F79EFBC}") = "Unityfc978593d26984061672.Player.Tests", "Unityfc978593d26984061672.Player.Tests.csproj", "{A1034EB4-3DC4-6885-5AB1-4BEA8B49A7B8}"
EndProject
Project("{FAE04EC0-301F-11D3-BF4B-00C04F79EFBC}") = "Unityfc978593d26984061672.Idle", "Unityfc978593d26984061672.Idle.csproj", "{8ADE76F2-170E-0D54-181A-F583561A477D}"
EndProject
Project("{FAE04EC0-301F-11D3-BF4B-00C04F79EFBC}") = "Unityfc978593d26984061672.Idle.Editor", "Unityfc978593d26984061672.Idle.Editor.csproj", "{41C2426E-5FCC-DDE1-0F4B-B6045912A6B4}"
EndProject
Project("{FAE04EC0-301F-11D3-BF4B-00C04F79EFBC}") = "Unityfc978593d26984061672.Player.Editor.Tests", "Unityfc978593d26984061672.Player.Editor.Tests.csproj", "{2942EB20-BFF5-3A28-A301-8F276347804B}"
EndProject
Project("{FAE04EC0-301F-11D3-BF4B-00C04F79EFBC}") = "Unityfc978593d26984061672.Player.Editor", "Unityfc978593d26984061672.Player.Editor.csproj", "{A47A83D8-8754-4488-55D6-CBBFBE7CB081}"
EndProject
Global
	GlobalSection(SolutionConfigurationPlatforms) = preSolution
		Debug|Any CPU = Debug|Any CPU
		Release|Any CPU = Release|Any CPU
	EndGlobalSection
	GlobalSection(ProjectConfigurationPlatforms) = postSolution
		{15824074-E9E7-6748-C12C-522838FED044}.Debug|Any CPU.ActiveCfg = Debug|Any CPU
		{15824074-E9E7-6748-C12C-522838FED044}.Debug|Any CPU.Build.0 = Debug|Any CPU
		{15824074-E9E7-6748-C12C-522838FED044}.Release|Any CPU.ActiveCfg = Release|Any CPU
		{15824074-E9E7-6748-C12C-522838FED044}.Release|Any CPU.Build.0 = Release|Any CPU
		{EB50851A-BE24-EF1D-7D6B-0E17305B8C2D}.Debug|Any CPU.ActiveCfg = Debug|Any CPU
		{EB50851A-BE24-EF1D-7D6B-0E17305B8C2D}.Debug|Any CPU.Build.0 = Debug|Any CPU
		{EB50851A-BE24-EF1D-7D6B-0E17305B8C2D}.Release|Any CPU.ActiveCfg = Release|Any CPU
		{EB50851A-BE24-EF1D-7D6B-0E17305B8C2D}.Release|Any CPU.Build.0 = Release|Any CPU
		{837C5288-D036-9803-0427-B3FA426B70F9}.Debug|Any CPU.ActiveCfg = Debug|Any CPU
		{837C5288-D036-9803-0427-B3FA426B70F9}.Debug|Any CPU.Build.0 = Debug|Any CPU
		{837C5288-D036-9803-0427-B3FA426B70F9}.Release|Any CPU.ActiveCfg = Release|Any CPU
		{837C5288-D036-9803-0427-B3FA426B70F9}.Release|Any CPU.Build.0 = Release|Any CPU
		{FB37BC2D-0811-DE9C-1E6B-9D39162CB8E9}.Debug|Any CPU.ActiveCfg = Debug|Any CPU
		{FB37BC2D-0811-DE9C-1E6B-9D39162CB8E9}.Debug|Any CPU.Build.0 = Debug|Any CPU
		{FB37BC2D-0811-DE9C-1E6B-9D39162CB8E9}.Release|Any CPU.ActiveCfg = Release|Any CPU
		{FB37BC2D-0811-DE9C-1E6B-9D39162CB8E9}.Release|Any CPU.Build.0 = Release|Any CPU
		{A1034EB4-3DC4-6885-5AB1-4BEA8B49A7B8}.Debug|Any CPU.ActiveCfg = Debug|Any CPU
		{A1034EB4-3DC4-6885-5AB1-4BEA8B49A7B8}.Debug|Any CPU.Build.0 = Debug|Any CPU
		{A1034EB4-3DC4-6885-5AB1-4BEA8B49A7B8}.Release|Any CPU.ActiveCfg = Release|Any CPU
		{A1034EB4-3DC4-6885-5AB1-4BEA8B49A7B8}.Release|Any CPU.Build.0 = Release|Any CPU
		{8ADE76F2-170E-0D54-181A-F583561A477D}.Debug|Any CPU.ActiveCfg = Debug|Any CPU
		{8ADE76F2-170E-0D54-181A-F583561A477D}.Debug|Any CPU.Build.0 = Debug|Any CPU
		{8ADE76F2-170E-0D54-181A-F583561A477D}.Release|Any CPU.ActiveCfg = Release|Any CPU
		{8ADE76F2-170E-0D54-181A-F583561A477D}.Release|Any CPU.Build.0 = Release|Any CPU
		{41C2426E-5FCC-DDE1-0F4B-B6045912A6B4}.Debug|Any CPU.ActiveCfg = Debug|Any CPU
		{41C2426E-5FCC-DDE1-0F4B-B6045912A6B4}.Debug|Any CPU.Build.0 = Debug|Any CPU
		{41C2426E-5FCC-DDE1-0F4B-B6045912A6B4}.Release|Any CPU.ActiveCfg = Release|Any CPU
		{41C2426E-5FCC-DDE1-0F4B-B6045912A6B4}.Release|Any CPU.Build.0 = Release|Any CPU
		{2942EB20-BFF5-3A28-A301-8F276347804B}.Debug|Any CPU.ActiveCfg = Debug|Any CPU
		{2942EB20-BFF5-3A28-A301-8F276347804B}.Debug|Any CPU.Build.0 = Debug|Any CPU
		{2942EB20-BFF5-3A28-A301-8F276347804B}.Release|Any CPU.ActiveCfg = Release|Any CPU
		{2942EB20-BFF5-3A28-A301-8F276347804B}.Release|Any CPU.Build.0 = Release|Any CPU
		{A47A83D8-8754-4488-55D6-CBBFBE7CB081}.Debug|Any CPU.ActiveCfg = Debug|Any CPU
		{A47A83D8-8754-4488-55D6-CBBFBE7CB081}.Debug|Any CPU.Build.0 = Debug|Any CPU
		{A47A83D8-8754-4488-55D6-CBBFBE7CB081}.Release|Any CPU.ActiveCfg = Release|Any CPU
		{A47A83D8-8754-4488-55D6-CBBFBE7CB081}.Release|Any CPU.Build.0 = Release|Any CPU
	EndGlobalSection
	GlobalSection(SolutionProperties) = preSolution
		HideSolutionNode = FALSE
	EndGlobalSection
EndGlobal
